
Microsoft Visual Studio Solution File, Format Version 12.00
# Visual Studio 14
VisualStudioVersion = 14.0.25420.1
MinimumVisualStudioVersion = 10.0.40219.1
Project("{FAE04EC0-301F-11D3-BF4B-00C04F79EFBC}") = "HomeAutomator", "HomeAutomator\HomeAutomator.csproj", "{391C7AB6-E78C-42B8-AEDD-8A0B2799FF55}"
EndProject
Project("{FAE04EC0-301F-11D3-BF4B-00C04F79EFBC}") = "HomeAutomator.Tests", "HomeAutomator.Tests\HomeAutomator.Tests.csproj", "{B781D4CF-932B-496C-83A2-E78500DFA1B6}"
EndProject
Global
	GlobalSection(SolutionConfigurationPlatforms) = preSolution
		Debug|Any CPU = Debug|Any CPU
		Release|Any CPU = Release|Any CPU
	EndGlobalSection
	GlobalSection(ProjectConfigurationPlatforms) = postSolution
		{391C7AB6-E78C-42B8-AEDD-8A0B2799FF55}.Debug|Any CPU.ActiveCfg = Debug|Any CPU
		{391C7AB6-E78C-42B8-AEDD-8A0B2799FF55}.Debug|Any CPU.Build.0 = Debug|Any CPU
		{391C7AB6-E78C-42B8-AEDD-8A0B2799FF55}.Release|Any CPU.ActiveCfg = Release|Any CPU
		{391C7AB6-E78C-42B8-AEDD-8A0B2799FF55}.Release|Any CPU.Build.0 = Release|Any CPU
		{B781D4CF-932B-496C-83A2-E78500DFA1B6}.Debug|Any CPU.ActiveCfg = Debug|Any CPU
		{B781D4CF-932B-496C-83A2-E78500DFA1B6}.Debug|Any CPU.Build.0 = Debug|Any CPU
		{B781D4CF-932B-496C-83A2-E78500DFA1B6}.Release|Any CPU.ActiveCfg = Release|Any CPU
		{B781D4CF-932B-496C-83A2-E78500DFA1B6}.Release|Any CPU.Build.0 = Release|Any CPU
	EndGlobalSection
	GlobalSection(SolutionProperties) = preSolution
		HideSolutionNode = FALSE
	EndGlobalSection
EndGlobal
